{
  "name": "interstellar",
  "version": "5.2.5",
  "lockfileVersion": 2,
  "requires": true,
  "packages": {
    "node_modules/@biomejs/biome": {
      "version": "1.9.4",
      "resolved": "https://registry.npmjs.org/@biomejs/biome/-/biome-1.9.4.tgz",
      "integrity": "sha512-...",
      "dev": true
    },
    "node_modules/@nebula-services/bare-server-node": {
      "version": "2.0.4",
      "resolved": "https://registry.npmjs.org/@nebula-services/bare-server-node/-/bare-server-node-2.0.4.tgz",
      "integrity": "sha512-..."
    },
    "node_modules/chalk": {
      "version": "5.4.1",
      "resolved": "https://registry.npmjs.org/chalk/-/chalk-5.4.1.tgz",
      "integrity": "sha512-..."
    },
    "node_modules/cookie-parser": {
      "version": "1.4.7",
      "resolved": "https://registry.npmjs.org/cookie-parser/-/cookie-parser-1.4.7.tgz",
      "integrity": "sha512-..."
    },
    "node_modules/cors": {
      "version": "2.8.5",
      "resolved": "https://registry.npmjs.org/cors/-/cors-2.8.5.tgz",
      "integrity": "sha512-..."
    },
    "node_modules/dotenv": {
      "version": "16.4.7",
      "resolved": "https://registry.npmjs.org/dotenv/-/dotenv-16.4.7.tgz",
      "integrity": "sha512-..."
    },
    "node_modules/express": {
      "version": "4.21.2",
      "resolved": "https://registry.npmjs.org/express/-/express-4.21.2.tgz",
      "integrity": "sha512-..."
    },
    "node_modules/express-basic-auth": {
      "version": "1.2.1",
      "resolved": "https://registry.npmjs.org/express-basic-auth/-/express-basic-auth-1.2.1.tgz",
      "integrity": "sha512-..."
    },
    "node_modules/mime": {
      "version": "4.0.6",
      "resolved": "https://registry.npmjs.org/mime/-/mime-4.0.6.tgz",
      "integrity": "sha512-..."
    },
    "node_modules/node-fetch": {
      "version": "3.3.2",
      "resolved": "https://registry.npmjs.org/node-fetch/-/node-fetch-3.3.2.tgz",
      "integrity": "sha512-..."
    },
    "node_modules/netlify-lambda": {
      "version": "2.0.0",
      "resolved": "https://registry.npmjs.org/netlify-lambda/-/netlify-lambda-2.0.0.tgz",
      "integrity": "sha512-..."
    }
  },
  "devDependencies": {
    "@biomejs/biome": {
      "version": "1.9.4",
      "resolved": "https://registry.npmjs.org/@biomejs/biome/-/biome-1.9.4.tgz",
      "integrity": "sha512-..."
    },
    "netlify-lambda": {
      "version": "2.0.0",
      "resolved": "https://registry.npmjs.org/netlify-lambda/-/netlify-lambda-2.0.0.tgz",
      "integrity": "sha512-..."
    }
  }
}
