{
    "name": "incognito",
    "version": "1.0.0",
    "lockfileVersion": 2,
    "requires": true,
    "packages": {
      "": {
        "name": "incognito",
        "version": "1.0.0",
        "license": "GPL-3.0-or-later",
        "dependencies": {
          "@titaniumnetwork-dev/ultraviolet": "^1.0.10",
          "@tomphttp/bare-server-node": "^1.2.5",
          "connect": "^3.7.0",
          "serve-static": "^1.15.0"
        },
        "engines": {
          "node": ">=18.0.0",
          "npm": ">=8.0.0"
        }
      },
      "node_modules/@titaniumnetwork-dev/ultraviolet": {
        "version": "1.0.10",
        "resolved": "https://registry.npmjs.org/@titaniumnetwork-dev/ultraviolet/-/ultraviolet-1.0.10.tgz",
        "integrity": "sha512-y5Hv92jQUvwmcEMIeFuImuD5CmI7b0MQGL7qkFcEZxETxlwy+jveLaHpF1UWgtGJS50GSnj9GCJWZWp/W6IwEQ==",
        "dependencies": {
          "@tomphttp/bare-client": "^1.1.2-beta.3",
          "css-tree": "^2.0.4",
          "esotope-hammerhead": "^0.6.1",
          "events": "^3.3.0",
          "idb": "^7.1.1",
          "meriyah": "^4.3.3",
          "mime-db": "^1.51.0",
          "parse5": "^7.1.2",
          "set-cookie-parser": "^2.4.8"
        }
      },
      "node_modules/@tomphttp/bare-client": {
        "version": "1.1.2-beta.3",
        "resolved": "https://registry.npmjs.org/@tomphttp/bare-client/-/bare-client-1.1.2-beta.3.tgz",
        "integrity": "sha512-WyIVnSAqzfrLejmOhh/l/LtDOeK+SHnBGi/z+QyliVP1T1JxoNE5eecwxlV+osM9J6FTAYVGNHr8/5bubaIj6Q=="
      },
      "node_modules/@tomphttp/bare-server-node": {
        "version": "1.2.5",
        "resolved": "https://registry.npmjs.org/@tomphttp/bare-server-node/-/bare-server-node-1.2.5.tgz",
        "integrity": "sha512-qe76XM3nhDLDSIDZ0tblUsiBdgcqakjvBmXgrarXBH/Wul5AtE3BnK+/j7+BWEwJNZfgwL8uGL8IJjVG/iZH1A==",
        "dependencies": {
          "async-exit-hook": "^2.0.1",
          "commander": "^9.4.1",
          "dotenv": "^16.0.3",
          "headers-polyfill": "^3.1.2",
          "http-errors": "^2.0.0",
          "ipaddr.js": "^2.0.1",
          "source-map-support": "^0.5.21"
        },
        "bin": {
          "bare-server-node": "bin.js"
        },
        "engines": {
          "node": ">=18.0.0"
        }
      },
      "node_modules/@types/estree": {
        "version": "0.0.46",
        "resolved": "https://registry.npmjs.org/@types/estree/-/estree-0.0.46.tgz",
        "integrity": "sha512-laIjwTQaD+5DukBZaygQ79K1Z0jb1bPEMRrkXSLjtCcZm+abyp5YbrqpSLzD42FwWW6gK/aS4NYpJ804nG2brg=="
      },
      "node_modules/async-exit-hook": {
        "version": "2.0.1",
        "resolved": "https://registry.npmjs.org/async-exit-hook/-/async-exit-hook-2.0.1.tgz",
        "integrity": "sha512-NW2cX8m1Q7KPA7a5M2ULQeZ2wR5qI5PAbw5L0UOMxdioVk9PMZ0h1TmyZEkPYrCvYjDlFICusOu1dlEKAAeXBw==",
        "engines": {
          "node": ">=0.12.0"
        }
      },
      "node_modules/buffer-from": {
        "version": "1.1.2",
        "resolved": "https://registry.npmjs.org/buffer-from/-/buffer-from-1.1.2.tgz",
        "integrity": "sha512-E+XQCRwSbaaiChtv6k6Dwgc+bx+Bs6vuKJHHl5kox/BaKbhiXzqQOwK4cO22yElGp2OCmjwVhT3HmxgyPGnJfQ=="
      },
      "node_modules/commander": {
        "version": "9.5.0",
        "resolved": "https://registry.npmjs.org/commander/-/commander-9.5.0.tgz",
        "integrity": "sha512-KRs7WVDKg86PWiuAqhDrAQnTXZKraVcCc6vFdL14qrZ/DcWwuRo7VoiYXalXO7S5GKpqYiVEwCbgFDfxNHKJBQ==",
        "engines": {
          "node": "^12.20.0 || >=14"
        }
      },
      "node_modules/connect": {
        "version": "3.7.0",
        "resolved": "https://registry.npmjs.org/connect/-/connect-3.7.0.tgz",
        "integrity": "sha512-ZqRXc+tZukToSNmh5C2iWMSoV3X1YUcPbqEM4DkEG5tNQXrQUZCNVGGv3IuicnkMtPfGf3Xtp8WCXs295iQ1pQ==",
        "dependencies": {
          "debug": "2.6.9",
          "finalhandler": "1.1.2",
          "parseurl": "~1.3.3",
          "utils-merge": "1.0.1"
        },
        "engines": {
          "node": ">= 0.10.0"
        }
      },
      "node_modules/css-tree": {
        "version": "2.3.1",
        "resolved": "https://registry.npmjs.org/css-tree/-/css-tree-2.3.1.tgz",
        "integrity": "sha512-6Fv1DV/TYw//QF5IzQdqsNDjx/wc8TrMBZsqjL9eW01tWb7R7k/mq+/VXfJCl7SoD5emsJop9cOByJZfs8hYIw==",
        "dependencies": {
          "mdn-data": "2.0.30",
          "source-map-js": "^1.0.1"
        },
        "engines": {
          "node": "^10 || ^12.20.0 || ^14.13.0 || >=15.0.0"
        }
      },
      "node_modules/debug": {
        "version": "2.6.9",
        "resolved": "https://registry.npmjs.org/debug/-/debug-2.6.9.tgz",
        "integrity": "sha512-bC7ElrdJaJnPbAP+1EotYvqZsb3ecl5wi6Bfi6BJTUcNowp6cvspg0jXznRTKDjm/E7AdgFBVeAPVMNcKGsHMA==",
        "dependencies": {
          "ms": "2.0.0"
        }
      },
      "node_modules/depd": {
        "version": "2.0.0",
        "resolved": "https://registry.npmjs.org/depd/-/depd-2.0.0.tgz",
        "integrity": "sha512-g7nH6P6dyDioJogAAGprGpCtVImJhpPk/roCzdb3fIh61/s/nPsfR6onyMwkCAR/OlC3yBC0lESvUoQEAssIrw==",
        "engines": {
          "node": ">= 0.8"
        }
      },
      "node_modules/destroy": {
        "version": "1.2.0",
        "resolved": "https://registry.npmjs.org/destroy/-/destroy-1.2.0.tgz",
        "integrity": "sha512-2sJGJTaXIIaR1w4iJSNoN0hnMY7Gpc/n8D4qSCJw8QqFWXf7cuAgnEHxBpweaVcPevC2l3KpjYCx3NypQQgaJg==",
        "engines": {
          "node": ">= 0.8",
          "npm": "1.2.8000 || >= 1.4.16"
        }
      },
      "node_modules/dotenv": {
        "version": "16.0.3",
        "resolved": "https://registry.npmjs.org/dotenv/-/dotenv-16.0.3.tgz",
        "integrity": "sha512-7GO6HghkA5fYG9TYnNxi14/7K9f5occMlp3zXAuSxn7CKCxt9xbNWG7yF8hTCSUchlfWSe3uLmlPfigevRItzQ==",
        "engines": {
          "node": ">=12"
        }
      },
      "node_modules/ee-first": {
        "version": "1.1.1",
        "resolved": "https://registry.npmjs.org/ee-first/-/ee-first-1.1.1.tgz",
        "integrity": "sha512-WMwm9LhRUo+WUaRN+vRuETqG89IgZphVSNkdFgeb6sS/E4OrDIN7t48CAewSHXc6C8lefD8KKfr5vY61brQlow=="
      },
      "node_modules/encodeurl": {
        "version": "1.0.2",
        "resolved": "https://registry.npmjs.org/encodeurl/-/encodeurl-1.0.2.tgz",
        "integrity": "sha512-TPJXq8JqFaVYm2CWmPvnP2Iyo4ZSM7/QKcSmuMLDObfpH5fi7RUGmd/rTDf+rut/saiDiQEeVTNgAmJEdAOx0w==",
        "engines": {
          "node": ">= 0.8"
        }
      },
      "node_modules/entities": {
        "version": "4.4.0",
        "resolved": "https://registry.npmjs.org/entities/-/entities-4.4.0.tgz",
        "integrity": "sha512-oYp7156SP8LkeGD0GF85ad1X9Ai79WtRsZ2gxJqtBuzH+98YUV6jkHEKlZkMbcrjJjIVJNIDP/3WL9wQkoPbWA==",
        "engines": {
          "node": ">=0.12"
        },
        "funding": {
          "url": "https://github.com/fb55/entities?sponsor=1"
        }
      },
      "node_modules/escape-html": {
        "version": "1.0.3",
        "resolved": "https://registry.npmjs.org/escape-html/-/escape-html-1.0.3.tgz",
        "integrity": "sha512-NiSupZ4OeuGwr68lGIeym/ksIZMJodUGOSCZ/FSnTxcrekbvqrgdUxlJOMpijaKZVjAJrWrGs/6Jy8OMuyj9ow=="
      },
      "node_modules/esotope-hammerhead": {
        "version": "0.6.3",
        "resolved": "https://registry.npmjs.org/esotope-hammerhead/-/esotope-hammerhead-0.6.3.tgz",
        "integrity": "sha512-Aq6gUznvm0xPtjpbZo9OSsRO1+m+NM0hjZOYufH3HDlJWeOZpBskR/vuP9/tiMaQFD3+ES5BQq5fAY1qOLKWUA==",
        "dependencies": {
          "@types/estree": "0.0.46"
        }
      },
      "node_modules/etag": {
        "version": "1.8.1",
        "resolved": "https://registry.npmjs.org/etag/-/etag-1.8.1.tgz",
        "integrity": "sha512-aIL5Fx7mawVa300al2BnEE4iNvo1qETxLrPI/o05L7z6go7fCw1J6EQmbK4FmJ2AS7kgVF/KEZWufBfdClMcPg==",
        "engines": {
          "node": ">= 0.6"
        }
      },
      "node_modules/events": {
        "version": "3.3.0",
        "resolved": "https://registry.npmjs.org/events/-/events-3.3.0.tgz",
        "integrity": "sha512-mQw+2fkQbALzQ7V0MY0IqdnXNOeTtP4r0lN9z7AAawCXgqea7bDii20AYrIBrFd/Hx0M2Ocz6S111CaFkUcb0Q==",
        "engines": {
          "node": ">=0.8.x"
        }
      },
      "node_modules/finalhandler": {
        "version": "1.1.2",
        "resolved": "https://registry.npmjs.org/finalhandler/-/finalhandler-1.1.2.tgz",
        "integrity": "sha512-aAWcW57uxVNrQZqFXjITpW3sIUQmHGG3qSb9mUah9MgMC4NeWhNOlNjXEYq3HjRAvL6arUviZGGJsBg6z0zsWA==",
        "dependencies": {
          "debug": "2.6.9",
          "encodeurl": "~1.0.2",
          "escape-html": "~1.0.3",
          "on-finished": "~2.3.0",
          "parseurl": "~1.3.3",
          "statuses": "~1.5.0",
          "unpipe": "~1.0.0"
        },
        "engines": {
          "node": ">= 0.8"
        }
      },
      "node_modules/fresh": {
        "version": "0.5.2",
        "resolved": "https://registry.npmjs.org/fresh/-/fresh-0.5.2.tgz",
        "integrity": "sha512-zJ2mQYM18rEFOudeV4GShTGIQ7RbzA7ozbU9I/XBpm7kqgMywgmylMwXHxZJmkVoYkna9d2pVXVXPdYTP9ej8Q==",
        "engines": {
          "node": ">= 0.6"
        }
      },
      "node_modules/headers-polyfill": {
        "version": "3.1.2",
        "resolved": "https://registry.npmjs.org/headers-polyfill/-/headers-polyfill-3.1.2.tgz",
        "integrity": "sha512-tWCK4biJ6hcLqTviLXVR9DTRfYGQMXEIUj3gwJ2rZ5wO/at3XtkI4g8mCvFdUF9l1KMBNCfmNAdnahm1cgavQA=="
      },
      "node_modules/http-errors": {
        "version": "2.0.0",
        "resolved": "https://registry.npmjs.org/http-errors/-/http-errors-2.0.0.tgz",
        "integrity": "sha512-FtwrG/euBzaEjYeRqOgly7G0qviiXoJWnvEH2Z1plBdXgbyjv34pHTSb9zoeHMyDy33+DWy5Wt9Wo+TURtOYSQ==",
        "dependencies": {
          "depd": "2.0.0",
          "inherits": "2.0.4",
          "setprototypeof": "1.2.0",
          "statuses": "2.0.1",
          "toidentifier": "1.0.1"
        },
        "engines": {
          "node": ">= 0.8"
        }
      },
      "node_modules/http-errors/node_modules/statuses": {
        "version": "2.0.1",
        "resolved": "https://registry.npmjs.org/statuses/-/statuses-2.0.1.tgz",
        "integrity": "sha512-RwNA9Z/7PrK06rYLIzFMlaF+l73iwpzsqRIFgbMLbTcLD6cOao82TaWefPXQvB2fOC4AjuYSEndS7N/mTCbkdQ==",
        "engines": {
          "node": ">= 0.8"
        }
      },
      "node_modules/idb": {
        "version": "7.1.1",
        "resolved": "https://registry.npmjs.org/idb/-/idb-7.1.1.tgz",
        "integrity": "sha512-gchesWBzyvGHRO9W8tzUWFDycow5gwjvFKfyV9FF32Y7F50yZMp7mP+T2mJIWFx49zicqyC4uefHM17o6xKIVQ=="
      },
      "node_modules/inherits": {
        "version": "2.0.4",
        "resolved": "https://registry.npmjs.org/inherits/-/inherits-2.0.4.tgz",
        "integrity": "sha512-k/vGaX4/Yla3WzyMCvTQOXYeIHvqOKtnqBduzTHpzpQZzAskKMhZ2K+EnBiSM9zGSoIFeMpXKxa4dYeZIQqewQ=="
      },
      "node_modules/ipaddr.js": {
        "version": "2.0.1",
        "resolved": "https://registry.npmjs.org/ipaddr.js/-/ipaddr.js-2.0.1.tgz",
        "integrity": "sha512-1qTgH9NG+IIJ4yfKs2e6Pp1bZg8wbDbKHT21HrLIeYBTRLgMYKnMTPAuI3Lcs61nfx5h1xlXnbJtH1kX5/d/ng==",
        "engines": {
          "node": ">= 10"
        }
      },
      "node_modules/mdn-data": {
        "version": "2.0.30",
        "resolved": "https://registry.npmjs.org/mdn-data/-/mdn-data-2.0.30.tgz",
        "integrity": "sha512-GaqWWShW4kv/G9IEucWScBx9G1/vsFZZJUO+tD26M8J8z3Kw5RDQjaoZe03YAClgeS/SWPOcb4nkFBTEi5DUEA=="
      },
      "node_modules/meriyah": {
        "version": "4.3.5",
        "resolved": "https://registry.npmjs.org/meriyah/-/meriyah-4.3.5.tgz",
        "integrity": "sha512-oCOuzPtD4udAYnvxIi4Rp99nEHJWHtAFHEFmS27hQuDNjxTQ39Z/hQ9uWW+ZgJjCmpi0nRo7wwciT7rtQE31Bw==",
        "engines": {
          "node": ">=10.4.0"
        }
      },
      "node_modules/mime": {
        "version": "1.6.0",
        "resolved": "https://registry.npmjs.org/mime/-/mime-1.6.0.tgz",
        "integrity": "sha512-x0Vn8spI+wuJ1O6S7gnbaQg8Pxh4NNHb7KSINmEWKiPE4RKOplvijn+NkmYmmRgP68mc70j2EbeTFRsrswaQeg==",
        "bin": {
          "mime": "cli.js"
        },
        "engines": {
          "node": ">=4"
        }
      },
      "node_modules/mime-db": {
        "version": "1.52.0",
        "resolved": "https://registry.npmjs.org/mime-db/-/mime-db-1.52.0.tgz",
        "integrity": "sha512-sPU4uV7dYlvtWJxwwxHD0PuihVNiE7TyAbQ5SWxDCB9mUYvOgroQOwYQQOKPJ8CIbE+1ETVlOoK1UC2nU3gYvg==",
        "engines": {
          "node": ">= 0.6"
        }
      },
      "node_modules/ms": {
        "version": "2.0.0",
        "resolved": "https://registry.npmjs.org/ms/-/ms-2.0.0.tgz",
        "integrity": "sha512-Tpp60P6IUJDTuOq/5Z8cdskzJujfwqfOTkrwIwj7IRISpnkJnT6SyJ4PCPnGMoFjC9ddhal5KVIYtAt97ix05A=="
      },
      "node_modules/on-finished": {
        "version": "2.3.0",
        "resolved": "https://registry.npmjs.org/on-finished/-/on-finished-2.3.0.tgz",
        "integrity": "sha512-ikqdkGAAyf/X/gPhXGvfgAytDZtDbr+bkNUJ0N9h5MI/dmdgCs3l6hoHrcUv41sRKew3jIwrp4qQDXiK99Utww==",
        "dependencies": {
          "ee-first": "1.1.1"
        },
        "engines": {
          "node": ">= 0.8"
        }
      },
      "node_modules/parse5": {
        "version": "7.1.2",
        "resolved": "https://registry.npmjs.org/parse5/-/parse5-7.1.2.tgz",
        "integrity": "sha512-Czj1WaSVpaoj0wbhMzLmWD69anp2WH7FXMB9n1Sy8/ZFF9jolSQVMu1Ij5WIyGmcBmhk7EOndpO4mIpihVqAXw==",
        "dependencies": {
          "entities": "^4.4.0"
        },
        "funding": {
          "url": "https://github.com/inikulin/parse5?sponsor=1"
        }
      },
      "node_modules/parseurl": {
        "version": "1.3.3",
        "resolved": "https://registry.npmjs.org/parseurl/-/parseurl-1.3.3.tgz",
        "integrity": "sha512-CiyeOxFT/JZyN5m0z9PfXw4SCBJ6Sygz1Dpl0wqjlhDEGGBP1GnsUVEL0p63hoG1fcj3fHynXi9NYO4nWOL+qQ==",
        "engines": {
          "node": ">= 0.8"
        }
      },
      "node_modules/range-parser": {
        "version": "1.2.1",
        "resolved": "https://registry.npmjs.org/range-parser/-/range-parser-1.2.1.tgz",
        "integrity": "sha512-Hrgsx+orqoygnmhFbKaHE6c296J+HTAQXoxEF6gNupROmmGJRoyzfG3ccAveqCBrwr/2yxQ5BVd/GTl5agOwSg==",
        "engines": {
          "node": ">= 0.6"
        }
      },
      "node_modules/send": {
        "version": "0.18.0",
        "resolved": "https://registry.npmjs.org/send/-/send-0.18.0.tgz",
        "integrity": "sha512-qqWzuOjSFOuqPjFe4NOsMLafToQQwBSOEpS+FwEt3A2V3vKubTquT3vmLTQpFgMXp8AlFWFuP1qKaJZOtPpVXg==",
        "dependencies": {
          "debug": "2.6.9",
          "depd": "2.0.0",
          "destroy": "1.2.0",
          "encodeurl": "~1.0.2",
          "escape-html": "~1.0.3",
          "etag": "~1.8.1",
          "fresh": "0.5.2",
          "http-errors": "2.0.0",
          "mime": "1.6.0",
          "ms": "2.1.3",
          "on-finished": "2.4.1",
          "range-parser": "~1.2.1",
          "statuses": "2.0.1"
        },
        "engines": {
          "node": ">= 0.8.0"
        }
      },
      "node_modules/send/node_modules/ms": {
        "version": "2.1.3",
        "resolved": "https://registry.npmjs.org/ms/-/ms-2.1.3.tgz",
        "integrity": "sha512-6FlzubTLZG3J2a/NVCAleEhjzq5oxgHyaCU9yYXvcLsvoVaHJq/s5xXI6/XXP6tz7R9xAOtHnSO/tXtF3WRTlA=="
      },
      "node_modules/send/node_modules/on-finished": {
        "version": "2.4.1",
        "resolved": "https://registry.npmjs.org/on-finished/-/on-finished-2.4.1.tgz",
        "integrity": "sha512-oVlzkg3ENAhCk2zdv7IJwd/QUD4z2RxRwpkcGY8psCVcCYZNq4wYnVWALHM+brtuJjePWiYF/ClmuDr8Ch5+kg==",
        "dependencies": {
          "ee-first": "1.1.1"
        },
        "engines": {
          "node": ">= 0.8"
        }
      },
      "node_modules/send/node_modules/statuses": {
        "version": "2.0.1",
        "resolved": "https://registry.npmjs.org/statuses/-/statuses-2.0.1.tgz",
        "integrity": "sha512-RwNA9Z/7PrK06rYLIzFMlaF+l73iwpzsqRIFgbMLbTcLD6cOao82TaWefPXQvB2fOC4AjuYSEndS7N/mTCbkdQ==",
        "engines": {
          "node": ">= 0.8"
        }
      },
      "node_modules/serve-static": {
        "version": "1.15.0",
        "resolved": "https://registry.npmjs.org/serve-static/-/serve-static-1.15.0.tgz",
        "integrity": "sha512-XGuRDNjXUijsUL0vl6nSD7cwURuzEgglbOaFuZM9g3kwDXOWVTck0jLzjPzGD+TazWbboZYu52/9/XPdUgne9g==",
        "dependencies": {
          "encodeurl": "~1.0.2",
          "escape-html": "~1.0.3",
          "parseurl": "~1.3.3",
          "send": "0.18.0"
        },
        "engines": {
          "node": ">= 0.8.0"
        }
      },
      "node_modules/set-cookie-parser": {
        "version": "2.6.0",
        "resolved": "https://registry.npmjs.org/set-cookie-parser/-/set-cookie-parser-2.6.0.tgz",
        "integrity": "sha512-RVnVQxTXuerk653XfuliOxBP81Sf0+qfQE73LIYKcyMYHG94AuH0kgrQpRDuTZnSmjpysHmzxJXKNfa6PjFhyQ=="
      },
      "node_modules/setprototypeof": {
        "version": "1.2.0",
        "resolved": "https://registry.npmjs.org/setprototypeof/-/setprototypeof-1.2.0.tgz",
        "integrity": "sha512-E5LDX7Wrp85Kil5bhZv46j8jOeboKq5JMmYM3gVGdGH8xFpPWXUMsNrlODCrkoxMEeNi/XZIwuRvY4XNwYMJpw=="
      },
      "node_modules/source-map": {
        "version": "0.6.1",
        "resolved": "https://registry.npmjs.org/source-map/-/source-map-0.6.1.tgz",
        "integrity": "sha512-UjgapumWlbMhkBgzT7Ykc5YXUT46F0iKu8SGXq0bcwP5dz/h0Plj6enJqjz1Zbq2l5WaqYnrVbwWOWMyF3F47g==",
        "engines": {
          "node": ">=0.10.0"
        }
      },
      "node_modules/source-map-js": {
        "version": "1.0.2",
        "resolved": "https://registry.npmjs.org/source-map-js/-/source-map-js-1.0.2.tgz",
        "integrity": "sha512-R0XvVJ9WusLiqTCEiGCmICCMplcCkIwwR11mOSD9CR5u+IXYdiseeEuXCVAjS54zqwkLcPNnmU4OeJ6tUrWhDw==",
        "engines": {
          "node": ">=0.10.0"
        }
      },
      "node_modules/source-map-support": {
        "version": "0.5.21",
        "resolved": "https://registry.npmjs.org/source-map-support/-/source-map-support-0.5.21.tgz",
        "integrity": "sha512-uBHU3L3czsIyYXKX88fdrGovxdSCoTGDRZ6SYXtSRxLZUzHg5P/66Ht6uoUlHu9EZod+inXhKo3qQgwXUT/y1w==",
        "dependencies": {
          "buffer-from": "^1.0.0",
          "source-map": "^0.6.0"
        }
      },
      "node_modules/statuses": {
        "version": "1.5.0",
        "resolved": "https://registry.npmjs.org/statuses/-/statuses-1.5.0.tgz",
        "integrity": "sha512-OpZ3zP+jT1PI7I8nemJX4AKmAX070ZkYPVWV/AaKTJl+tXCTGyVdC1a4SL8RUQYEwk/f34ZX8UTykN68FwrqAA==",
        "engines": {
          "node": ">= 0.6"
        }
      },
      "node_modules/toidentifier": {
        "version": "1.0.1",
        "resolved": "https://registry.npmjs.org/toidentifier/-/toidentifier-1.0.1.tgz",
        "integrity": "sha512-o5sSPKEkg/DIQNmH43V0/uerLrpzVedkUh8tGNvaeXpfpuwjKenlSox/2O/BTlZUtEe+JG7s5YhEz608PlAHRA==",
        "engines": {
          "node": ">=0.6"
        }
      },
      "node_modules/unpipe": {
        "version": "1.0.0",
        "resolved": "https://registry.npmjs.org/unpipe/-/unpipe-1.0.0.tgz",
        "integrity": "sha512-pjy2bYhSsufwWlKwPc+l3cN7+wuJlK6uz0YdJEOlQDbl6jo/YlPi4mb8agUkVC8BF7V8NuzeyPNqRksA3hztKQ==",
        "engines": {
          "node": ">= 0.8"
        }
      },
      "node_modules/utils-merge": {
        "version": "1.0.1",
        "resolved": "https://registry.npmjs.org/utils-merge/-/utils-merge-1.0.1.tgz",
        "integrity": "sha512-pMZTvIkT1d+TFGvDOqodOclx0QWkkgi6Tdoa8gC8ffGAAqz9pzPTZWAybbsHHoED/ztMtkv/VoYTYyShUn81hA==",
        "engines": {
          "node": ">= 0.4.0"
        }
      }
    },
    "dependencies": {
      "@titaniumnetwork-dev/ultraviolet": {
        "version": "1.0.10",
        "resolved": "https://registry.npmjs.org/@titaniumnetwork-dev/ultraviolet/-/ultraviolet-1.0.10.tgz",
        "integrity": "sha512-y5Hv92jQUvwmcEMIeFuImuD5CmI7b0MQGL7qkFcEZxETxlwy+jveLaHpF1UWgtGJS50GSnj9GCJWZWp/W6IwEQ==",
        "requires": {
          "@tomphttp/bare-client": "^1.1.2-beta.3",
          "css-tree": "^2.0.4",
          "esotope-hammerhead": "^0.6.1",
          "events": "^3.3.0",
          "idb": "^7.1.1",
          "meriyah": "^4.3.3",
          "mime-db": "^1.51.0",
          "parse5": "^7.1.2",
          "set-cookie-parser": "^2.4.8"
        }
      },
      "@tomphttp/bare-client": {
        "version": "1.1.2-beta.3",
        "resolved": "https://registry.npmjs.org/@tomphttp/bare-client/-/bare-client-1.1.2-beta.3.tgz",
        "integrity": "sha512-WyIVnSAqzfrLejmOhh/l/LtDOeK+SHnBGi/z+QyliVP1T1JxoNE5eecwxlV+osM9J6FTAYVGNHr8/5bubaIj6Q=="
      },
      "@tomphttp/bare-server-node": {
        "version": "1.2.5",
        "resolved": "https://registry.npmjs.org/@tomphttp/bare-server-node/-/bare-server-node-1.2.5.tgz",
        "integrity": "sha512-qe76XM3nhDLDSIDZ0tblUsiBdgcqakjvBmXgrarXBH/Wul5AtE3BnK+/j7+BWEwJNZfgwL8uGL8IJjVG/iZH1A==",
        "requires": {
          "async-exit-hook": "^2.0.1",
          "commander": "^9.4.1",
          "dotenv": "^16.0.3",
          "headers-polyfill": "^3.1.2",
          "http-errors": "^2.0.0",
          "ipaddr.js": "^2.0.1",
          "source-map-support": "^0.5.21"
        }
      },
      "@types/estree": {
        "version": "0.0.46",
        "resolved": "https://registry.npmjs.org/@types/estree/-/estree-0.0.46.tgz",
        "integrity": "sha512-laIjwTQaD+5DukBZaygQ79K1Z0jb1bPEMRrkXSLjtCcZm+abyp5YbrqpSLzD42FwWW6gK/aS4NYpJ804nG2brg=="
      },
      "async-exit-hook": {
        "version": "2.0.1",
        "resolved": "https://registry.npmjs.org/async-exit-hook/-/async-exit-hook-2.0.1.tgz",
        "integrity": "sha512-NW2cX8m1Q7KPA7a5M2ULQeZ2wR5qI5PAbw5L0UOMxdioVk9PMZ0h1TmyZEkPYrCvYjDlFICusOu1dlEKAAeXBw=="
      },
      "buffer-from": {
        "version": "1.1.2",
        "resolved": "https://registry.npmjs.org/buffer-from/-/buffer-from-1.1.2.tgz",
        "integrity": "sha512-E+XQCRwSbaaiChtv6k6Dwgc+bx+Bs6vuKJHHl5kox/BaKbhiXzqQOwK4cO22yElGp2OCmjwVhT3HmxgyPGnJfQ=="
      },
      "commander": {
        "version": "9.5.0",
        "resolved": "https://registry.npmjs.org/commander/-/commander-9.5.0.tgz",
        "integrity": "sha512-KRs7WVDKg86PWiuAqhDrAQnTXZKraVcCc6vFdL14qrZ/DcWwuRo7VoiYXalXO7S5GKpqYiVEwCbgFDfxNHKJBQ=="
      },
      "connect": {
        "version": "3.7.0",
        "resolved": "https://registry.npmjs.org/connect/-/connect-3.7.0.tgz",
        "integrity": "sha512-ZqRXc+tZukToSNmh5C2iWMSoV3X1YUcPbqEM4DkEG5tNQXrQUZCNVGGv3IuicnkMtPfGf3Xtp8WCXs295iQ1pQ==",
        "requires": {
          "debug": "2.6.9",
          "finalhandler": "1.1.2",
          "parseurl": "~1.3.3",
          "utils-merge": "1.0.1"
        }
      },
      "css-tree": {
        "version": "2.3.1",
        "resolved": "https://registry.npmjs.org/css-tree/-/css-tree-2.3.1.tgz",
        "integrity": "sha512-6Fv1DV/TYw//QF5IzQdqsNDjx/wc8TrMBZsqjL9eW01tWb7R7k/mq+/VXfJCl7SoD5emsJop9cOByJZfs8hYIw==",
        "requires": {
          "mdn-data": "2.0.30",
          "source-map-js": "^1.0.1"
        }
      },
      "debug": {
        "version": "2.6.9",
        "resolved": "https://registry.npmjs.org/debug/-/debug-2.6.9.tgz",
        "integrity": "sha512-bC7ElrdJaJnPbAP+1EotYvqZsb3ecl5wi6Bfi6BJTUcNowp6cvspg0jXznRTKDjm/E7AdgFBVeAPVMNcKGsHMA==",
        "requires": {
          "ms": "2.0.0"
        }
      },
      "depd": {
        "version": "2.0.0",
        "resolved": "https://registry.npmjs.org/depd/-/depd-2.0.0.tgz",
        "integrity": "sha512-g7nH6P6dyDioJogAAGprGpCtVImJhpPk/roCzdb3fIh61/s/nPsfR6onyMwkCAR/OlC3yBC0lESvUoQEAssIrw=="
      },
      "destroy": {
        "version": "1.2.0",
        "resolved": "https://registry.npmjs.org/destroy/-/destroy-1.2.0.tgz",
        "integrity": "sha512-2sJGJTaXIIaR1w4iJSNoN0hnMY7Gpc/n8D4qSCJw8QqFWXf7cuAgnEHxBpweaVcPevC2l3KpjYCx3NypQQgaJg=="
      },
      "dotenv": {
        "version": "16.0.3",
        "resolved": "https://registry.npmjs.org/dotenv/-/dotenv-16.0.3.tgz",
        "integrity": "sha512-7GO6HghkA5fYG9TYnNxi14/7K9f5occMlp3zXAuSxn7CKCxt9xbNWG7yF8hTCSUchlfWSe3uLmlPfigevRItzQ=="
      },
      "ee-first": {
        "version": "1.1.1",
        "resolved": "https://registry.npmjs.org/ee-first/-/ee-first-1.1.1.tgz",
        "integrity": "sha512-WMwm9LhRUo+WUaRN+vRuETqG89IgZphVSNkdFgeb6sS/E4OrDIN7t48CAewSHXc6C8lefD8KKfr5vY61brQlow=="
      },
      "encodeurl": {
        "version": "1.0.2",
        "resolved": "https://registry.npmjs.org/encodeurl/-/encodeurl-1.0.2.tgz",
        "integrity": "sha512-TPJXq8JqFaVYm2CWmPvnP2Iyo4ZSM7/QKcSmuMLDObfpH5fi7RUGmd/rTDf+rut/saiDiQEeVTNgAmJEdAOx0w=="
      },
      "entities": {
        "version": "4.4.0",
        "resolved": "https://registry.npmjs.org/entities/-/entities-4.4.0.tgz",
        "integrity": "sha512-oYp7156SP8LkeGD0GF85ad1X9Ai79WtRsZ2gxJqtBuzH+98YUV6jkHEKlZkMbcrjJjIVJNIDP/3WL9wQkoPbWA=="
      },
      "escape-html": {
        "version": "1.0.3",
        "resolved": "https://registry.npmjs.org/escape-html/-/escape-html-1.0.3.tgz",
        "integrity": "sha512-NiSupZ4OeuGwr68lGIeym/ksIZMJodUGOSCZ/FSnTxcrekbvqrgdUxlJOMpijaKZVjAJrWrGs/6Jy8OMuyj9ow=="
      },
      "esotope-hammerhead": {
        "version": "0.6.3",
        "resolved": "https://registry.npmjs.org/esotope-hammerhead/-/esotope-hammerhead-0.6.3.tgz",
        "integrity": "sha512-Aq6gUznvm0xPtjpbZo9OSsRO1+m+NM0hjZOYufH3HDlJWeOZpBskR/vuP9/tiMaQFD3+ES5BQq5fAY1qOLKWUA==",
        "requires": {
          "@types/estree": "0.0.46"
        }
      },
      "etag": {
        "version": "1.8.1",
        "resolved": "https://registry.npmjs.org/etag/-/etag-1.8.1.tgz",
        "integrity": "sha512-aIL5Fx7mawVa300al2BnEE4iNvo1qETxLrPI/o05L7z6go7fCw1J6EQmbK4FmJ2AS7kgVF/KEZWufBfdClMcPg=="
      },
      "events": {
        "version": "3.3.0",
        "resolved": "https://registry.npmjs.org/events/-/events-3.3.0.tgz",
        "integrity": "sha512-mQw+2fkQbALzQ7V0MY0IqdnXNOeTtP4r0lN9z7AAawCXgqea7bDii20AYrIBrFd/Hx0M2Ocz6S111CaFkUcb0Q=="
      },
      "finalhandler": {
        "version": "1.1.2",
        "resolved": "https://registry.npmjs.org/finalhandler/-/finalhandler-1.1.2.tgz",
        "integrity": "sha512-aAWcW57uxVNrQZqFXjITpW3sIUQmHGG3qSb9mUah9MgMC4NeWhNOlNjXEYq3HjRAvL6arUviZGGJsBg6z0zsWA==",
        "requires": {
          "debug": "2.6.9",
          "encodeurl": "~1.0.2",
          "escape-html": "~1.0.3",
          "on-finished": "~2.3.0",
          "parseurl": "~1.3.3",
          "statuses": "~1.5.0",
          "unpipe": "~1.0.0"
        }
      },
      "fresh": {
        "version": "0.5.2",
        "resolved": "https://registry.npmjs.org/fresh/-/fresh-0.5.2.tgz",
        "integrity": "sha512-zJ2mQYM18rEFOudeV4GShTGIQ7RbzA7ozbU9I/XBpm7kqgMywgmylMwXHxZJmkVoYkna9d2pVXVXPdYTP9ej8Q=="
      },
      "headers-polyfill": {
        "version": "3.1.2",
        "resolved": "https://registry.npmjs.org/headers-polyfill/-/headers-polyfill-3.1.2.tgz",
        "integrity": "sha512-tWCK4biJ6hcLqTviLXVR9DTRfYGQMXEIUj3gwJ2rZ5wO/at3XtkI4g8mCvFdUF9l1KMBNCfmNAdnahm1cgavQA=="
      },
      "http-errors": {
        "version": "2.0.0",
        "resolved": "https://registry.npmjs.org/http-errors/-/http-errors-2.0.0.tgz",
        "integrity": "sha512-FtwrG/euBzaEjYeRqOgly7G0qviiXoJWnvEH2Z1plBdXgbyjv34pHTSb9zoeHMyDy33+DWy5Wt9Wo+TURtOYSQ==",
        "requires": {
          "depd": "2.0.0",
          "inherits": "2.0.4",
          "setprototypeof": "1.2.0",
          "statuses": "2.0.1",
          "toidentifier": "1.0.1"
        },
        "dependencies": {
          "statuses": {
            "version": "2.0.1",
            "resolved": "https://registry.npmjs.org/statuses/-/statuses-2.0.1.tgz",
            "integrity": "sha512-RwNA9Z/7PrK06rYLIzFMlaF+l73iwpzsqRIFgbMLbTcLD6cOao82TaWefPXQvB2fOC4AjuYSEndS7N/mTCbkdQ=="
          }
        }
      },
      "idb": {
        "version": "7.1.1",
        "resolved": "https://registry.npmjs.org/idb/-/idb-7.1.1.tgz",
        "integrity": "sha512-gchesWBzyvGHRO9W8tzUWFDycow5gwjvFKfyV9FF32Y7F50yZMp7mP+T2mJIWFx49zicqyC4uefHM17o6xKIVQ=="
      },
      "inherits": {
        "version": "2.0.4",
        "resolved": "https://registry.npmjs.org/inherits/-/inherits-2.0.4.tgz",
        "integrity": "sha512-k/vGaX4/Yla3WzyMCvTQOXYeIHvqOKtnqBduzTHpzpQZzAskKMhZ2K+EnBiSM9zGSoIFeMpXKxa4dYeZIQqewQ=="
      },
      "ipaddr.js": {
        "version": "2.0.1",
        "resolved": "https://registry.npmjs.org/ipaddr.js/-/ipaddr.js-2.0.1.tgz",
        "integrity": "sha512-1qTgH9NG+IIJ4yfKs2e6Pp1bZg8wbDbKHT21HrLIeYBTRLgMYKnMTPAuI3Lcs61nfx5h1xlXnbJtH1kX5/d/ng=="
      },
      "mdn-data": {
        "version": "2.0.30",
        "resolved": "https://registry.npmjs.org/mdn-data/-/mdn-data-2.0.30.tgz",
        "integrity": "sha512-GaqWWShW4kv/G9IEucWScBx9G1/vsFZZJUO+tD26M8J8z3Kw5RDQjaoZe03YAClgeS/SWPOcb4nkFBTEi5DUEA=="
      },
      "meriyah": {
        "version": "4.3.5",
        "resolved": "https://registry.npmjs.org/meriyah/-/meriyah-4.3.5.tgz",
        "integrity": "sha512-oCOuzPtD4udAYnvxIi4Rp99nEHJWHtAFHEFmS27hQuDNjxTQ39Z/hQ9uWW+ZgJjCmpi0nRo7wwciT7rtQE31Bw=="
      },
      "mime": {
        "version": "1.6.0",
        "resolved": "https://registry.npmjs.org/mime/-/mime-1.6.0.tgz",
        "integrity": "sha512-x0Vn8spI+wuJ1O6S7gnbaQg8Pxh4NNHb7KSINmEWKiPE4RKOplvijn+NkmYmmRgP68mc70j2EbeTFRsrswaQeg=="
      },
      "mime-db": {
        "version": "1.52.0",
        "resolved": "https://registry.npmjs.org/mime-db/-/mime-db-1.52.0.tgz",
        "integrity": "sha512-sPU4uV7dYlvtWJxwwxHD0PuihVNiE7TyAbQ5SWxDCB9mUYvOgroQOwYQQOKPJ8CIbE+1ETVlOoK1UC2nU3gYvg=="
      },
      "ms": {
        "version": "2.0.0",
        "resolved": "https://registry.npmjs.org/ms/-/ms-2.0.0.tgz",
        "integrity": "sha512-Tpp60P6IUJDTuOq/5Z8cdskzJujfwqfOTkrwIwj7IRISpnkJnT6SyJ4PCPnGMoFjC9ddhal5KVIYtAt97ix05A=="
      },
      "on-finished": {
        "version": "2.3.0",
        "resolved": "https://registry.npmjs.org/on-finished/-/on-finished-2.3.0.tgz",
        "integrity": "sha512-ikqdkGAAyf/X/gPhXGvfgAytDZtDbr+bkNUJ0N9h5MI/dmdgCs3l6hoHrcUv41sRKew3jIwrp4qQDXiK99Utww==",
        "requires": {
          "ee-first": "1.1.1"
        }
      },
      "parse5": {
        "version": "7.1.2",
        "resolved": "https://registry.npmjs.org/parse5/-/parse5-7.1.2.tgz",
        "integrity": "sha512-Czj1WaSVpaoj0wbhMzLmWD69anp2WH7FXMB9n1Sy8/ZFF9jolSQVMu1Ij5WIyGmcBmhk7EOndpO4mIpihVqAXw==",
        "requires": {
          "entities": "^4.4.0"
        }
      },
      "parseurl": {
        "version": "1.3.3",
        "resolved": "https://registry.npmjs.org/parseurl/-/parseurl-1.3.3.tgz",
        "integrity": "sha512-CiyeOxFT/JZyN5m0z9PfXw4SCBJ6Sygz1Dpl0wqjlhDEGGBP1GnsUVEL0p63hoG1fcj3fHynXi9NYO4nWOL+qQ=="
      },
      "range-parser": {
        "version": "1.2.1",
        "resolved": "https://registry.npmjs.org/range-parser/-/range-parser-1.2.1.tgz",
        "integrity": "sha512-Hrgsx+orqoygnmhFbKaHE6c296J+HTAQXoxEF6gNupROmmGJRoyzfG3ccAveqCBrwr/2yxQ5BVd/GTl5agOwSg=="
      },
      "send": {
        "version": "0.18.0",
        "resolved": "https://registry.npmjs.org/send/-/send-0.18.0.tgz",
        "integrity": "sha512-qqWzuOjSFOuqPjFe4NOsMLafToQQwBSOEpS+FwEt3A2V3vKubTquT3vmLTQpFgMXp8AlFWFuP1qKaJZOtPpVXg==",
        "requires": {
          "debug": "2.6.9",
          "depd": "2.0.0",
          "destroy": "1.2.0",
          "encodeurl": "~1.0.2",
          "escape-html": "~1.0.3",
          "etag": "~1.8.1",
          "fresh": "0.5.2",
          "http-errors": "2.0.0",
          "mime": "1.6.0",
          "ms": "2.1.3",
          "on-finished": "2.4.1",
          "range-parser": "~1.2.1",
          "statuses": "2.0.1"
        },
        "dependencies": {
          "ms": {
            "version": "2.1.3",
            "resolved": "https://registry.npmjs.org/ms/-/ms-2.1.3.tgz",
            "integrity": "sha512-6FlzubTLZG3J2a/NVCAleEhjzq5oxgHyaCU9yYXvcLsvoVaHJq/s5xXI6/XXP6tz7R9xAOtHnSO/tXtF3WRTlA=="
          },
          "on-finished": {
            "version": "2.4.1",
            "resolved": "https://registry.npmjs.org/on-finished/-/on-finished-2.4.1.tgz",
            "integrity": "sha512-oVlzkg3ENAhCk2zdv7IJwd/QUD4z2RxRwpkcGY8psCVcCYZNq4wYnVWALHM+brtuJjePWiYF/ClmuDr8Ch5+kg==",
            "requires": {
              "ee-first": "1.1.1"
            }
          },
          "statuses": {
            "version": "2.0.1",
            "resolved": "https://registry.npmjs.org/statuses/-/statuses-2.0.1.tgz",
            "integrity": "sha512-RwNA9Z/7PrK06rYLIzFMlaF+l73iwpzsqRIFgbMLbTcLD6cOao82TaWefPXQvB2fOC4AjuYSEndS7N/mTCbkdQ=="
          }
        }
      },
      "serve-static": {
        "version": "1.15.0",
        "resolved": "https://registry.npmjs.org/serve-static/-/serve-static-1.15.0.tgz",
        "integrity": "sha512-XGuRDNjXUijsUL0vl6nSD7cwURuzEgglbOaFuZM9g3kwDXOWVTck0jLzjPzGD+TazWbboZYu52/9/XPdUgne9g==",
        "requires": {
          "encodeurl": "~1.0.2",
          "escape-html": "~1.0.3",
          "parseurl": "~1.3.3",
          "send": "0.18.0"
        }
      },
      "set-cookie-parser": {
        "version": "2.6.0",
        "resolved": "https://registry.npmjs.org/set-cookie-parser/-/set-cookie-parser-2.6.0.tgz",
        "integrity": "sha512-RVnVQxTXuerk653XfuliOxBP81Sf0+qfQE73LIYKcyMYHG94AuH0kgrQpRDuTZnSmjpysHmzxJXKNfa6PjFhyQ=="
      },
      "setprototypeof": {
        "version": "1.2.0",
        "resolved": "https://registry.npmjs.org/setprototypeof/-/setprototypeof-1.2.0.tgz",
        "integrity": "sha512-E5LDX7Wrp85Kil5bhZv46j8jOeboKq5JMmYM3gVGdGH8xFpPWXUMsNrlODCrkoxMEeNi/XZIwuRvY4XNwYMJpw=="
      },
      "source-map": {
        "version": "0.6.1",
        "resolved": "https://registry.npmjs.org/source-map/-/source-map-0.6.1.tgz",
        "integrity": "sha512-UjgapumWlbMhkBgzT7Ykc5YXUT46F0iKu8SGXq0bcwP5dz/h0Plj6enJqjz1Zbq2l5WaqYnrVbwWOWMyF3F47g=="
      },
      "source-map-js": {
        "version": "1.0.2",
        "resolved": "https://registry.npmjs.org/source-map-js/-/source-map-js-1.0.2.tgz",
        "integrity": "sha512-R0XvVJ9WusLiqTCEiGCmICCMplcCkIwwR11mOSD9CR5u+IXYdiseeEuXCVAjS54zqwkLcPNnmU4OeJ6tUrWhDw=="
      },
      "source-map-support": {
        "version": "0.5.21",
        "resolved": "https://registry.npmjs.org/source-map-support/-/source-map-support-0.5.21.tgz",
        "integrity": "sha512-uBHU3L3czsIyYXKX88fdrGovxdSCoTGDRZ6SYXtSRxLZUzHg5P/66Ht6uoUlHu9EZod+inXhKo3qQgwXUT/y1w==",
        "requires": {
          "buffer-from": "^1.0.0",
          "source-map": "^0.6.0"
        }
      },
      "statuses": {
        "version": "1.5.0",
        "resolved": "https://registry.npmjs.org/statuses/-/statuses-1.5.0.tgz",
        "integrity": "sha512-OpZ3zP+jT1PI7I8nemJX4AKmAX070ZkYPVWV/AaKTJl+tXCTGyVdC1a4SL8RUQYEwk/f34ZX8UTykN68FwrqAA=="
      },
      "toidentifier": {
        "version": "1.0.1",
        "resolved": "https://registry.npmjs.org/toidentifier/-/toidentifier-1.0.1.tgz",
        "integrity": "sha512-o5sSPKEkg/DIQNmH43V0/uerLrpzVedkUh8tGNvaeXpfpuwjKenlSox/2O/BTlZUtEe+JG7s5YhEz608PlAHRA=="
      },
      "unpipe": {
        "version": "1.0.0",
        "resolved": "https://registry.npmjs.org/unpipe/-/unpipe-1.0.0.tgz",
        "integrity": "sha512-pjy2bYhSsufwWlKwPc+l3cN7+wuJlK6uz0YdJEOlQDbl6jo/YlPi4mb8agUkVC8BF7V8NuzeyPNqRksA3hztKQ=="
      },
      "utils-merge": {
        "version": "1.0.1",
        "resolved": "https://registry.npmjs.org/utils-merge/-/utils-merge-1.0.1.tgz",
        "integrity": "sha512-pMZTvIkT1d+TFGvDOqodOclx0QWkkgi6Tdoa8gC8ffGAAqz9pzPTZWAybbsHHoED/ztMtkv/VoYTYyShUn81hA=="
      }
    }
  }